github.com/reizzao/RzLibs_GO v0.0.0-20240905185004-0ecf314ccaf8 h1:V0rMau6s9pq/v4ngJ5alJvs20z3fwej88gnjkeBT0U8=
github.com/reizzao/RzLibs_GO v0.0.0-20240905185004-0ecf314ccaf8/go.mod h1:lW8c3o8AL/wJNP0xjMHMTOV5rMn2N+KdRBruGOUOiLs=
github.com/reizzao/RzLibs_GO v0.0.0-20240905185321-0bece32ced71 h1:M6ohZSf1szsIvYR/X6Qeg/1e2mS9pRQV7lS9IwUReww=
github.com/reizzao/RzLibs_GO v0.0.0-20240905185321-0bece32ced71/go.mod h1:lW8c3o8AL/wJNP0xjMHMTOV5rMn2N+KdRBruGOUOiLs=
