github.com/reizzao/RzLibs_GO v0.0.0-20240905124143-2cf6123cb883 h1:crK5/6oTJzfWk79jZWjf9e2DTh4jYTtmyERr+iFeQQo=
github.com/reizzao/RzLibs_GO v0.0.0-20240905124143-2cf6123cb883/go.mod h1:lW8c3o8AL/wJNP0xjMHMTOV5rMn2N+KdRBruGOUOiLs=
github.com/reizzao/RzLibs_GO v0.0.0-20240905125627-61314b994be3 h1:+AUnQdMjTvOwGrLABjOdeqLDARrXv1L7kA8amL6sq5E=
github.com/reizzao/RzLibs_GO v0.0.0-20240905125627-61314b994be3/go.mod h1:lW8c3o8AL/wJNP0xjMHMTOV5rMn2N+KdRBruGOUOiLs=
