github.com/reizzao/RzLibs_GO v0.0.0-20240905120643-78876d3f1360 h1:mr5Ii9pzC3RBtZ9/O5nPI9MMAKM4I/s6Jxh/wI1CB9o=
github.com/reizzao/RzLibs_GO v0.0.0-20240905120643-78876d3f1360/go.mod h1:lW8c3o8AL/wJNP0xjMHMTOV5rMn2N+KdRBruGOUOiLs=
github.com/reizzao/RzLibs_GO v0.0.0-20240905120958-ade110cc50ca h1:nx6sVrV+Dct2eO1oPJAWhlPtWEdzKaUMT9nCczWV+kc=
github.com/reizzao/RzLibs_GO v0.0.0-20240905120958-ade110cc50ca/go.mod h1:lW8c3o8AL/wJNP0xjMHMTOV5rMn2N+KdRBruGOUOiLs=
